
Microsoft Visual Studio Solution File, Format Version 12.00
# Visual Studio Version 17
VisualStudioVersion = 17.6.33815.320
MinimumVisualStudioVersion = 10.0.40219.1
Project("{FAE04EC0-301F-11D3-BF4B-00C04F79EFBC}") = "Task9TestProject", "Task9TestProject\Task9TestProject.csproj", "{327651BD-C837-4935-AF82-F8CAAF315EEC}"
EndProject
Project("{FAE04EC0-301F-11D3-BF4B-00C04F79EFBC}") = "Task9TestProject.Core", "Task9TestProject.Core\Task9TestProject.Core.csproj", "{D612BDF9-F48F-4D81-88BE-6A573C7DFF21}"
EndProject
Global
	GlobalSection(SolutionConfigurationPlatforms) = preSolution
		Debug|Any CPU = Debug|Any CPU
		Release|Any CPU = Release|Any CPU
	EndGlobalSection
	GlobalSection(ProjectConfigurationPlatforms) = postSolution
		{327651BD-C837-4935-AF82-F8CAAF315EEC}.Debug|Any CPU.ActiveCfg = Debug|Any CPU
		{327651BD-C837-4935-AF82-F8CAAF315EEC}.Debug|Any CPU.Build.0 = Debug|Any CPU
		{327651BD-C837-4935-AF82-F8CAAF315EEC}.Release|Any CPU.ActiveCfg = Release|Any CPU
		{327651BD-C837-4935-AF82-F8CAAF315EEC}.Release|Any CPU.Build.0 = Release|Any CPU
		{D612BDF9-F48F-4D81-88BE-6A573C7DFF21}.Debug|Any CPU.ActiveCfg = Debug|Any CPU
		{D612BDF9-F48F-4D81-88BE-6A573C7DFF21}.Debug|Any CPU.Build.0 = Debug|Any CPU
		{D612BDF9-F48F-4D81-88BE-6A573C7DFF21}.Release|Any CPU.ActiveCfg = Release|Any CPU
		{D612BDF9-F48F-4D81-88BE-6A573C7DFF21}.Release|Any CPU.Build.0 = Release|Any CPU
	EndGlobalSection
	GlobalSection(SolutionProperties) = preSolution
		HideSolutionNode = FALSE
	EndGlobalSection
	GlobalSection(ExtensibilityGlobals) = postSolution
		SolutionGuid = {C0257916-CCC5-4AEE-BA7B-007F2D52B3E0}
	EndGlobalSection
EndGlobal
