
Microsoft Visual Studio Solution File, Format Version 12.00
# Visual Studio Version 17
VisualStudioVersion = 17.6.33815.320
MinimumVisualStudioVersion = 10.0.40219.1
Project("{FAE04EC0-301F-11D3-BF4B-00C04F79EFBC}") = "Task5CalculatorConsoleApp", "Task5CalculatorConsoleApp\Task5CalculatorConsoleApp.csproj", "{28983381-F281-41C3-8AAF-8B3290591874}"
EndProject
Project("{FAE04EC0-301F-11D3-BF4B-00C04F79EFBC}") = "Calculator", "Calculator\Calculator.csproj", "{EFD577F6-9544-47BA-90A8-45E78FAE5875}"
EndProject
Project("{FAE04EC0-301F-11D3-BF4B-00C04F79EFBC}") = "CalculationTest", "CalculationTest\CalculationTest.csproj", "{D04F6F96-3264-44AD-ADBA-F7420DDBC1CD}"
EndProject
Global
	GlobalSection(SolutionConfigurationPlatforms) = preSolution
		Debug|Any CPU = Debug|Any CPU
		Release|Any CPU = Release|Any CPU
	EndGlobalSection
	GlobalSection(ProjectConfigurationPlatforms) = postSolution
		{28983381-F281-41C3-8AAF-8B3290591874}.Debug|Any CPU.ActiveCfg = Debug|Any CPU
		{28983381-F281-41C3-8AAF-8B3290591874}.Debug|Any CPU.Build.0 = Debug|Any CPU
		{28983381-F281-41C3-8AAF-8B3290591874}.Release|Any CPU.ActiveCfg = Release|Any CPU
		{28983381-F281-41C3-8AAF-8B3290591874}.Release|Any CPU.Build.0 = Release|Any CPU
		{EFD577F6-9544-47BA-90A8-45E78FAE5875}.Debug|Any CPU.ActiveCfg = Debug|Any CPU
		{EFD577F6-9544-47BA-90A8-45E78FAE5875}.Debug|Any CPU.Build.0 = Debug|Any CPU
		{EFD577F6-9544-47BA-90A8-45E78FAE5875}.Release|Any CPU.ActiveCfg = Release|Any CPU
		{EFD577F6-9544-47BA-90A8-45E78FAE5875}.Release|Any CPU.Build.0 = Release|Any CPU
		{D04F6F96-3264-44AD-ADBA-F7420DDBC1CD}.Debug|Any CPU.ActiveCfg = Debug|Any CPU
		{D04F6F96-3264-44AD-ADBA-F7420DDBC1CD}.Debug|Any CPU.Build.0 = Debug|Any CPU
		{D04F6F96-3264-44AD-ADBA-F7420DDBC1CD}.Release|Any CPU.ActiveCfg = Release|Any CPU
		{D04F6F96-3264-44AD-ADBA-F7420DDBC1CD}.Release|Any CPU.Build.0 = Release|Any CPU
	EndGlobalSection
	GlobalSection(SolutionProperties) = preSolution
		HideSolutionNode = FALSE
	EndGlobalSection
	GlobalSection(ExtensibilityGlobals) = postSolution
		SolutionGuid = {2E05F2B7-69DB-41AE-92C9-9B0EBD25B11E}
	EndGlobalSection
EndGlobal
